<?xml version="1.0" encoding="utf-8"?>
<Project ToolsVersion="4.0" xmlns="http://schemas.microsoft.com/developer/msbuild/2003">
  <ItemGroup>
    <Filter Include="Projectile">
      <UniqueIdentifier>{5cc430c5-2bc8-49fb-aea9-88cc9cfcab39}</UniqueIdentifier>
    </Filter>
    <Filter Include="Enemy">
      <UniqueIdentifier>{b8435bc0-ba92-4cba-a1c7-14c872da8f50}</UniqueIdentifier>
    </Filter>
    <Filter Include="Game">
      <UniqueIdentifier>{5f57ec25-69cb-460c-94ac-d619d6f6199a}</UniqueIdentifier>
    </Filter>
    <Filter Include="Collider">
      <UniqueIdentifier>{c83c74f4-3dd5-4bad-924b-c165be77557c}</UniqueIdentifier>
    </Filter>
    <Filter Include="InputHandler">
      <UniqueIdentifier>{b1bce2f0-35f1-42eb-837d-97fb2df8ca76}</UniqueIdentifier>
    </Filter>
    <Filter Include="Player">
      <UniqueIdentifier>{98cf8ce1-e179-47d3-834a-2dc62b9d0d86}</UniqueIdentifier>
    </Filter>
    <Filter Include="SDLGameObject">
      <UniqueIdentifier>{cc594892-2cc7-410f-8c19-38791482fe98}</UniqueIdentifier>
    </Filter>
    <Filter Include="TextureManager">
      <UniqueIdentifier>{f90e77f8-2cbf-4951-8a78-1ff61d29ef06}</UniqueIdentifier>
    </Filter>
    <Filter Include="GameObject">
      <UniqueIdentifier>{04cf14ea-86b6-470b-9684-15b5c1aa9df7}</UniqueIdentifier>
    </Filter>
    <Filter Include="Vector2D">
      <UniqueIdentifier>{e0584b9f-6e82-4d0c-aa91-a5fe331172a3}</UniqueIdentifier>
    </Filter>
    <Filter Include="LoaderParams">
      <UniqueIdentifier>{fd8edd8c-1362-4996-8bd7-68f8122da728}</UniqueIdentifier>
    </Filter>
    <Filter Include="Main">
      <UniqueIdentifier>{840b11f3-a36f-42e7-9667-e0dc9b6ed64c}</UniqueIdentifier>
    </Filter>
  </ItemGroup>
  <ItemGroup>
    <ClCompile Include="Collider.cpp">
      <Filter>Collider</Filter>
    </ClCompile>
    <ClCompile Include="Enemy.cpp">
      <Filter>Enemy</Filter>
    </ClCompile>
    <ClCompile Include="InputHandler.cpp">
      <Filter>InputHandler</Filter>
    </ClCompile>
    <ClCompile Include="main.cpp">
      <Filter>Main</Filter>
    </ClCompile>
    <ClCompile Include="Player.cpp">
      <Filter>Player</Filter>
    </ClCompile>
    <ClCompile Include="TextureManager.cpp">
      <Filter>TextureManager</Filter>
    </ClCompile>
    <ClCompile Include="Projectile.cpp">
      <Filter>Projectile</Filter>
    </ClCompile>
    <ClCompile Include="SDLGameObject.cpp">
      <Filter>SDLGameObject</Filter>
    </ClCompile>
    <ClCompile Include="Game.cpp">
      <Filter>Game</Filter>
    </ClCompile>
  </ItemGroup>
  <ItemGroup>
    <ClInclude Include="Collider.h">
      <Filter>Collider</Filter>
    </ClInclude>
    <ClInclude Include="Projectile.h">
      <Filter>Projectile</Filter>
    </ClInclude>
    <ClInclude Include="SDLGameObject.h">
      <Filter>SDLGameObject</Filter>
    </ClInclude>
    <ClInclude Include="Vector2D.h">
      <Filter>Vector2D</Filter>
    </ClInclude>
    <ClInclude Include="TextureManager.h">
      <Filter>TextureManager</Filter>
    </ClInclude>
    <ClInclude Include="Player.h">
      <Filter>Player</Filter>
    </ClInclude>
    <ClInclude Include="LoaderParams.h">
      <Filter>LoaderParams</Filter>
    </ClInclude>
    <ClInclude Include="Game.h">
      <Filter>Game</Filter>
    </ClInclude>
    <ClInclude Include="Enemy.h">
      <Filter>Enemy</Filter>
    </ClInclude>
    <ClInclude Include="GameObject.h">
      <Filter>GameObject</Filter>
    </ClInclude>
    <ClInclude Include="InputHandler.h">
      <Filter>InputHandler</Filter>
    </ClInclude>
  </ItemGroup>
</Project>