<?xml version="1.0" encoding="utf-8"?>
<Project ToolsVersion="4.0" xmlns="http://schemas.microsoft.com/developer/msbuild/2003">
  <ItemGroup>
    <Filter Include="Game">
      <UniqueIdentifier>{5f57ec25-69cb-460c-94ac-d619d6f6199a}</UniqueIdentifier>
    </Filter>
    <Filter Include="Collider">
      <UniqueIdentifier>{c83c74f4-3dd5-4bad-924b-c165be77557c}</UniqueIdentifier>
    </Filter>
    <Filter Include="InputHandler">
      <UniqueIdentifier>{b1bce2f0-35f1-42eb-837d-97fb2df8ca76}</UniqueIdentifier>
    </Filter>
    <Filter Include="TextureManager">
      <UniqueIdentifier>{f90e77f8-2cbf-4951-8a78-1ff61d29ef06}</UniqueIdentifier>
    </Filter>
    <Filter Include="GameObject">
      <UniqueIdentifier>{04cf14ea-86b6-470b-9684-15b5c1aa9df7}</UniqueIdentifier>
    </Filter>
    <Filter Include="Vector2D">
      <UniqueIdentifier>{e0584b9f-6e82-4d0c-aa91-a5fe331172a3}</UniqueIdentifier>
    </Filter>
    <Filter Include="LoaderParams">
      <UniqueIdentifier>{fd8edd8c-1362-4996-8bd7-68f8122da728}</UniqueIdentifier>
    </Filter>
    <Filter Include="Main">
      <UniqueIdentifier>{840b11f3-a36f-42e7-9667-e0dc9b6ed64c}</UniqueIdentifier>
    </Filter>
    <Filter Include="GameState">
      <UniqueIdentifier>{daba7247-de4b-47f0-a435-5acac32e2e6c}</UniqueIdentifier>
    </Filter>
    <Filter Include="GameStateMachine">
      <UniqueIdentifier>{bd182a17-e448-4254-b19f-86b5e23eb1ab}</UniqueIdentifier>
    </Filter>
    <Filter Include="GameState\GameOverState">
      <UniqueIdentifier>{2c0406e3-e030-4008-93cb-c5dc3d705243}</UniqueIdentifier>
    </Filter>
    <Filter Include="GameState\MenuState">
      <UniqueIdentifier>{9ffe817f-04ce-4a2c-8099-94139d8da097}</UniqueIdentifier>
    </Filter>
    <Filter Include="GameState\PauseState">
      <UniqueIdentifier>{b35e2f65-a119-42b3-b6dd-86be8c4e54f0}</UniqueIdentifier>
    </Filter>
    <Filter Include="GameState\PlayState">
      <UniqueIdentifier>{5e258a23-e572-4d48-9725-2caca327f8ce}</UniqueIdentifier>
    </Filter>
    <Filter Include="GameObject\SDLGameObject">
      <UniqueIdentifier>{cc594892-2cc7-410f-8c19-38791482fe98}</UniqueIdentifier>
    </Filter>
    <Filter Include="GameObject\SDLGameObject\Enemy">
      <UniqueIdentifier>{b8435bc0-ba92-4cba-a1c7-14c872da8f50}</UniqueIdentifier>
    </Filter>
    <Filter Include="GameObject\SDLGameObject\AnimatedGraphics">
      <UniqueIdentifier>{ca0d0cf7-fec5-4c92-8256-bd97a58f875c}</UniqueIdentifier>
    </Filter>
    <Filter Include="GameObject\SDLGameObject\Player">
      <UniqueIdentifier>{98cf8ce1-e179-47d3-834a-2dc62b9d0d86}</UniqueIdentifier>
    </Filter>
    <Filter Include="GameObject\SDLGameObject\MenuButton">
      <UniqueIdentifier>{57c31fcd-263b-4a0d-95af-c08fa11e6323}</UniqueIdentifier>
    </Filter>
    <Filter Include="GameObject\SDLGameObject\Projectile">
      <UniqueIdentifier>{5cc430c5-2bc8-49fb-aea9-88cc9cfcab39}</UniqueIdentifier>
    </Filter>
    <Filter Include="GameState\WinState">
      <UniqueIdentifier>{a9ccdf08-4748-415f-a3eb-4ed54ce2b478}</UniqueIdentifier>
    </Filter>
    <Filter Include="GameObject\SDLGameObject\Wall">
      <UniqueIdentifier>{75127604-3853-4693-b652-687fb134ed9a}</UniqueIdentifier>
    </Filter>
  </ItemGroup>
  <ItemGroup>
    <ClCompile Include="Collider.cpp">
      <Filter>Collider</Filter>
    </ClCompile>
    <ClCompile Include="Enemy.cpp">
      <Filter>GameObject\SDLGameObject\Enemy</Filter>
    </ClCompile>
    <ClCompile Include="InputHandler.cpp">
      <Filter>InputHandler</Filter>
    </ClCompile>
    <ClCompile Include="main.cpp">
      <Filter>Main</Filter>
    </ClCompile>
    <ClCompile Include="Player.cpp">
      <Filter>GameObject\SDLGameObject\Player</Filter>
    </ClCompile>
    <ClCompile Include="TextureManager.cpp">
      <Filter>TextureManager</Filter>
    </ClCompile>
    <ClCompile Include="Projectile.cpp">
      <Filter>GameObject\SDLGameObject\Projectile</Filter>
    </ClCompile>
    <ClCompile Include="SDLGameObject.cpp">
      <Filter>GameObject\SDLGameObject</Filter>
    </ClCompile>
    <ClCompile Include="Game.cpp">
      <Filter>Game</Filter>
    </ClCompile>
    <ClCompile Include="PlayState.cpp">
      <Filter>GameState\PlayState</Filter>
    </ClCompile>
    <ClCompile Include="PauseState.cpp">
      <Filter>GameState\PauseState</Filter>
    </ClCompile>
    <ClCompile Include="MenuButton.cpp">
      <Filter>GameObject\SDLGameObject\MenuButton</Filter>
    </ClCompile>
    <ClCompile Include="MenuState.cpp">
      <Filter>GameState\MenuState</Filter>
    </ClCompile>
    <ClCompile Include="GameOverState.cpp">
      <Filter>GameState\GameOverState</Filter>
    </ClCompile>
    <ClCompile Include="AnimatedGraphics.cpp">
      <Filter>GameObject\SDLGameObject\AnimatedGraphics</Filter>
    </ClCompile>
    <ClCompile Include="GameStateMachine.cpp">
      <Filter>GameStateMachine</Filter>
    </ClCompile>
    <ClCompile Include="WinState.cpp">
      <Filter>GameState\WinState</Filter>
    </ClCompile>
    <ClCompile Include="Wall.cpp">
      <Filter>GameObject\SDLGameObject\Wall</Filter>
    </ClCompile>
  </ItemGroup>
  <ItemGroup>
    <ClInclude Include="Collider.h">
      <Filter>Collider</Filter>
    </ClInclude>
    <ClInclude Include="Projectile.h">
      <Filter>GameObject\SDLGameObject\Projectile</Filter>
    </ClInclude>
    <ClInclude Include="SDLGameObject.h">
      <Filter>GameObject\SDLGameObject</Filter>
    </ClInclude>
    <ClInclude Include="Vector2D.h">
      <Filter>Vector2D</Filter>
    </ClInclude>
    <ClInclude Include="TextureManager.h">
      <Filter>TextureManager</Filter>
    </ClInclude>
    <ClInclude Include="Player.h">
      <Filter>GameObject\SDLGameObject\Player</Filter>
    </ClInclude>
    <ClInclude Include="LoaderParams.h">
      <Filter>LoaderParams</Filter>
    </ClInclude>
    <ClInclude Include="Game.h">
      <Filter>Game</Filter>
    </ClInclude>
    <ClInclude Include="Enemy.h">
      <Filter>GameObject\SDLGameObject\Enemy</Filter>
    </ClInclude>
    <ClInclude Include="GameObject.h">
      <Filter>GameObject</Filter>
    </ClInclude>
    <ClInclude Include="InputHandler.h">
      <Filter>InputHandler</Filter>
    </ClInclude>
    <ClInclude Include="GameState.h">
      <Filter>GameState</Filter>
    </ClInclude>
    <ClInclude Include="GameStateMachine.h">
      <Filter>GameStateMachine</Filter>
    </ClInclude>
    <ClInclude Include="GameOverState.h">
      <Filter>GameState\GameOverState</Filter>
    </ClInclude>
    <ClInclude Include="AnimatedGraphics.h">
      <Filter>GameObject\SDLGameObject\AnimatedGraphics</Filter>
    </ClInclude>
    <ClInclude Include="MenuState.h">
      <Filter>GameState\MenuState</Filter>
    </ClInclude>
    <ClInclude Include="MenuButton.h">
      <Filter>GameObject\SDLGameObject\MenuButton</Filter>
    </ClInclude>
    <ClInclude Include="PauseState.h">
      <Filter>GameState\PauseState</Filter>
    </ClInclude>
    <ClInclude Include="PlayState.h">
      <Filter>GameState\PlayState</Filter>
    </ClInclude>
    <ClInclude Include="WinState.h">
      <Filter>GameState\WinState</Filter>
    </ClInclude>
    <ClInclude Include="Wall.h">
      <Filter>GameObject\SDLGameObject\Wall</Filter>
    </ClInclude>
  </ItemGroup>
</Project>